
Microsoft Visual Studio Solution File, Format Version 12.00
# Visual Studio Version 16
VisualStudioVersion = 16.0.28729.10
MinimumVisualStudioVersion = 10.0.40219.1
Project("{FAE04EC0-301F-11D3-BF4B-00C04F79EFBC}") = "Portal", "Portal\Portal.csproj", "{5661E47F-E946-48A8-8345-4CBE35B8E2BB}"
EndProject
Global
	GlobalSection(SolutionConfigurationPlatforms) = preSolution
		Debug|Any CPU = Debug|Any CPU
		Release|Any CPU = Release|Any CPU
	EndGlobalSection
	GlobalSection(ProjectConfigurationPlatforms) = postSolution
		{5661E47F-E946-48A8-8345-4CBE35B8E2BB}.Debug|Any CPU.ActiveCfg = Debug|Any CPU
		{5661E47F-E946-48A8-8345-4CBE35B8E2BB}.Debug|Any CPU.Build.0 = Debug|Any CPU
		{5661E47F-E946-48A8-8345-4CBE35B8E2BB}.Release|Any CPU.ActiveCfg = Release|Any CPU
		{5661E47F-E946-48A8-8345-4CBE35B8E2BB}.Release|Any CPU.Build.0 = Release|Any CPU
	EndGlobalSection
	GlobalSection(SolutionProperties) = preSolution
		HideSolutionNode = FALSE
	EndGlobalSection
	GlobalSection(ExtensibilityGlobals) = postSolution
		SolutionGuid = {FECE79F6-9C66-4C34-86DB-81E2C5A48C34}
	EndGlobalSection
EndGlobal
